
Microsoft Visual Studio Solution File, Format Version 12.00
# Visual Studio Version 16
VisualStudioVersion = 16.0.30225.117
MinimumVisualStudioVersion = 10.0.40219.1
Project("{FAE04EC0-301F-11D3-BF4B-00C04F79EFBC}") = "AI_Blacklist", "AI_Blacklist\AI_Blacklist.csproj", "{AFB1C566-069A-4116-81A2-01C92C656BB0}"
EndProject
Global
	GlobalSection(SolutionConfigurationPlatforms) = preSolution
		Debug|Any CPU = Debug|Any CPU
		Release|Any CPU = Release|Any CPU
	EndGlobalSection
	GlobalSection(ProjectConfigurationPlatforms) = postSolution
		{AFB1C566-069A-4116-81A2-01C92C656BB0}.Debug|Any CPU.ActiveCfg = Debug|Any CPU
		{AFB1C566-069A-4116-81A2-01C92C656BB0}.Debug|Any CPU.Build.0 = Debug|Any CPU
		{AFB1C566-069A-4116-81A2-01C92C656BB0}.Release|Any CPU.ActiveCfg = Release|Any CPU
		{AFB1C566-069A-4116-81A2-01C92C656BB0}.Release|Any CPU.Build.0 = Release|Any CPU
	EndGlobalSection
	GlobalSection(SolutionProperties) = preSolution
		HideSolutionNode = FALSE
	EndGlobalSection
	GlobalSection(ExtensibilityGlobals) = postSolution
		SolutionGuid = {6D6CF5DC-580D-4E2F-8101-DBC144846116}
	EndGlobalSection
EndGlobal
